
Microsoft Visual Studio Solution File, Format Version 12.00
# Visual Studio 15
VisualStudioVersion = 15.0.28307.2092
MinimumVisualStudioVersion = 10.0.40219.1
Project("{FAE04EC0-301F-11D3-BF4B-00C04F79EFBC}") = "HostingApplication", "HostingApplication\HostingApplication.csproj", "{535A50F5-33B1-4CC6-B0E4-BA3992CC91F5}"
EndProject
Global
	GlobalSection(SolutionConfigurationPlatforms) = preSolution
		Debug|Any CPU = Debug|Any CPU
		Release|Any CPU = Release|Any CPU
	EndGlobalSection
	GlobalSection(ProjectConfigurationPlatforms) = postSolution
		{535A50F5-33B1-4CC6-B0E4-BA3992CC91F5}.Debug|Any CPU.ActiveCfg = Debug|Any CPU
		{535A50F5-33B1-4CC6-B0E4-BA3992CC91F5}.Debug|Any CPU.Build.0 = Debug|Any CPU
		{535A50F5-33B1-4CC6-B0E4-BA3992CC91F5}.Release|Any CPU.ActiveCfg = Release|Any CPU
		{535A50F5-33B1-4CC6-B0E4-BA3992CC91F5}.Release|Any CPU.Build.0 = Release|Any CPU
	EndGlobalSection
	GlobalSection(SolutionProperties) = preSolution
		HideSolutionNode = FALSE
	EndGlobalSection
	GlobalSection(ExtensibilityGlobals) = postSolution
		SolutionGuid = {DF5702F5-85A9-4E66-B28E-21561AC89F39}
	EndGlobalSection
EndGlobal
